
Microsoft Visual Studio Solution File, Format Version 11.00
# Visual Studio 2010
Project("{FAE04EC0-301F-11D3-BF4B-00C04F79EFBC}") = "Assembly-CSharp", "Assembly-CSharp.csproj", "{E1056A80-7C39-0550-8235-466F931C580F}"
EndProject
Project("{FAE04EC0-301F-11D3-BF4B-00C04F79EFBC}") = "Assembly-CSharp-Editor", "Assembly-CSharp-Editor.csproj", "{085974FE-527D-3CB4-09E6-F055F6840250}"
EndProject
Global
	GlobalSection(SolutionConfigurationPlatforms) = preSolution
		Debug|Any CPU = Debug|Any CPU
		Release|Any CPU = Release|Any CPU
	EndGlobalSection
	GlobalSection(ProjectConfigurationPlatforms) = postSolution
		{E1056A80-7C39-0550-8235-466F931C580F}.Debug|Any CPU.ActiveCfg = Debug|Any CPU
		{E1056A80-7C39-0550-8235-466F931C580F}.Debug|Any CPU.Build.0 = Debug|Any CPU
		{E1056A80-7C39-0550-8235-466F931C580F}.Release|Any CPU.ActiveCfg = Release|Any CPU
		{E1056A80-7C39-0550-8235-466F931C580F}.Release|Any CPU.Build.0 = Release|Any CPU
		{085974FE-527D-3CB4-09E6-F055F6840250}.Debug|Any CPU.ActiveCfg = Debug|Any CPU
		{085974FE-527D-3CB4-09E6-F055F6840250}.Debug|Any CPU.Build.0 = Debug|Any CPU
		{085974FE-527D-3CB4-09E6-F055F6840250}.Release|Any CPU.ActiveCfg = Release|Any CPU
		{085974FE-527D-3CB4-09E6-F055F6840250}.Release|Any CPU.Build.0 = Release|Any CPU
	EndGlobalSection
	GlobalSection(SolutionProperties) = preSolution
		HideSolutionNode = FALSE
	EndGlobalSection
	GlobalSection(MonoDevelopProperties) = preSolution
		StartupItem = Assembly-CSharp.csproj
	EndGlobalSection
EndGlobal
